{
    "_readme": [
        "This file locks the dependencies of your project to a known state",
        "Read more about it at https://getcomposer.org/doc/01-basic-usage.md#composer-lock-the-lock-file",
        "This file is @generated automatically"
    ],
    "content-hash": "cd8e71e5d645208ec1a0105bd7990ac5",
    "packages": [
        {
            "name": "mindplay/benchpress",
            "version": "0.1.0",
            "source": {
                "type": "git",
                "url": "https://github.com/mindplay-dk/benchpress.git",
                "reference": "e46935bb0c220ba2ecd6d32314f875f3d8511f16"
            },
            "dist": {
                "type": "zip",
                "url": "https://api.github.com/repos/mindplay-dk/benchpress/zipball/e46935bb0c220ba2ecd6d32314f875f3d8511f16",
                "reference": "e46935bb0c220ba2ecd6d32314f875f3d8511f16",
                "shasum": ""
            },
            "require": {
                "php": ">=5.3.0"
            },
            "type": "library",
            "autoload": {
                "psr-4": {
                    "mindplay\\benchpress\\": "src/"
                }
            },
            "notification-url": "https://packagist.org/downloads/",
            "license": [
                "LGPL-3.0+"
            ],
            "authors": [
                {
                    "name": "Rasmus Schultz",
                    "email": "rasmus@mindplay.dk"
                }
            ],
            "description": "A simple benchmark suite for PHP 5.3 and up",
            "time": "2016-08-07T13:44:25+00:00"
        }
    ],
    "packages-dev": [
        {
            "name": "mindplay/testies",
            "version": "0.3.1",
            "source": {
                "type": "git",
                "url": "https://github.com/mindplay-dk/testies.git",
                "reference": "583c2078e24cb506a698f0d78bbbd5fba6323125"
            },
            "dist": {
                "type": "zip",
                "url": "https://api.github.com/repos/mindplay-dk/testies/zipball/583c2078e24cb506a698f0d78bbbd5fba6323125",
                "reference": "583c2078e24cb506a698f0d78bbbd5fba6323125",
                "shasum": ""
            },
            "require-dev": {
                "guzzlehttp/guzzle": "5.*",
                "phpunit/php-code-coverage": "^3.0"
            },
            "suggest": {
                "phpunit/php-code-coverage": "^3.0"
            },
            "type": "library",
            "autoload": {
                "files": [
                    "header.php"
                ],
                "psr-4": {
                    "mindplay\\testies\\": "src/"
                }
            },
            "notification-url": "https://packagist.org/downloads/",
            "license": [
                "LGPL3.0+"
            ],
            "authors": [
                {
                    "name": "Rasmus Schultz",
                    "email": "rasc@fynskemedier.dk"
                }
            ],
            "description": "Yeah, testies: a lightweight library for quick, simple unit-testing",
            "time": "2017-06-02T13:06:21+00:00"
        }
    ],
    "aliases": [],
    "minimum-stability": "stable",
    "stability-flags": [],
    "prefer-stable": false,
    "prefer-lowest": false,
    "platform": [],
    "platform-dev": []
}
